<?xml version="1.0" encoding="utf-8"?>
<Project ToolsVersion="4.0" xmlns="http://schemas.microsoft.com/developer/msbuild/2003">
  <ItemGroup>
    <Filter Include="Source Files">
      <UniqueIdentifier>{4FC737F1-C7A5-4376-A066-2A32D752A2FF}</UniqueIdentifier>
      <Extensions>cpp;c;cc;cxx;c++;cppm;ixx;def;odl;idl;hpj;bat;asm;asmx</Extensions>
    </Filter>
    <Filter Include="Header Files">
      <UniqueIdentifier>{93995380-89BD-4b04-88EB-625FBE52EBFB}</UniqueIdentifier>
      <Extensions>h;hh;hpp;hxx;h++;hm;inl;inc;ipp;xsd</Extensions>
    </Filter>
    <Filter Include="Resource Files">
      <UniqueIdentifier>{67DA6AB6-F800-4c08-8B7A-83BB121AAD01}</UniqueIdentifier>
      <Extensions>rc;ico;cur;bmp;dlg;rc2;rct;bin;rgs;gif;jpg;jpeg;jpe;resx;tiff;tif;png;wav;mfcribbon-ms</Extensions>
    </Filter>
    <Filter Include="Header Files\0. utilities">
      <UniqueIdentifier>{06fdcca8-4a6e-4d70-bfbf-581782e3203b}</UniqueIdentifier>
    </Filter>
    <Filter Include="Source Files\0. utilities">
      <UniqueIdentifier>{5ee0c689-819d-4219-a7c9-f4873d72437c}</UniqueIdentifier>
    </Filter>
    <Filter Include="Header Files\1. Token">
      <UniqueIdentifier>{13161dc5-1b63-485e-b77c-6168139f9cd1}</UniqueIdentifier>
    </Filter>
    <Filter Include="Source Files\1. Token">
      <UniqueIdentifier>{24a1e437-b5db-44eb-b99b-2e22e45170f5}</UniqueIdentifier>
    </Filter>
    <Filter Include="Header Files\2. Tokenizer">
      <UniqueIdentifier>{a218875a-d87e-42fe-a241-ae91041c5aba}</UniqueIdentifier>
    </Filter>
    <Filter Include="Source Files\2. Tokenizer">
      <UniqueIdentifier>{e492e10f-6ebd-4f34-90c7-4b9a07618eaf}</UniqueIdentifier>
    </Filter>
    <Filter Include="Header Files\3. Parser">
      <UniqueIdentifier>{041006dc-93e7-434f-a97b-73a862714601}</UniqueIdentifier>
    </Filter>
    <Filter Include="Source Files\3. Parser">
      <UniqueIdentifier>{4a5b495b-f60d-42a4-baf5-e3a9fd37ecb3}</UniqueIdentifier>
    </Filter>
    <Filter Include="Header Files\4. RPNEvaluator">
      <UniqueIdentifier>{f0a5a252-58df-4648-aced-6b15c0ef9151}</UniqueIdentifier>
    </Filter>
    <Filter Include="Source Files\4. RPNEvaluator">
      <UniqueIdentifier>{e2fbe0a0-3016-4583-afce-0dd26496f5da}</UniqueIdentifier>
    </Filter>
    <Filter Include="Source Files\5. ExpressionEvaluator">
      <UniqueIdentifier>{9b8aaff9-2cd2-4040-9f94-5e94b513fafa}</UniqueIdentifier>
    </Filter>
    <Filter Include="Header Files\5. ExpressionEvaluator">
      <UniqueIdentifier>{a0a29ed1-3a1c-4b75-ab79-493e8ebde380}</UniqueIdentifier>
    </Filter>
    <Filter Include="Header Files\1. Token\Operand">
      <UniqueIdentifier>{42711764-b8ea-4430-a659-e970cf4e1b1f}</UniqueIdentifier>
    </Filter>
    <Filter Include="Header Files\1. Token\Operation">
      <UniqueIdentifier>{6c1187f2-ecf3-4609-b215-989f013148f3}</UniqueIdentifier>
    </Filter>
    <Filter Include="Header Files\1. Token\PseudoOperation">
      <UniqueIdentifier>{daa14ef6-3930-4a3b-ac77-3f631a4d7c6d}</UniqueIdentifier>
    </Filter>
    <Filter Include="Source Files\1. Token\Operand">
      <UniqueIdentifier>{40e5af1f-bcb0-47f8-94df-86384c5b3244}</UniqueIdentifier>
    </Filter>
    <Filter Include="Source Files\1. Token\Operation">
      <UniqueIdentifier>{48490a12-acbc-4710-a605-0b8346ebd3e1}</UniqueIdentifier>
    </Filter>
    <Filter Include="Source Files\1. Token\PseudoOperation">
      <UniqueIdentifier>{c90c8b99-b49c-45a1-8a37-c9fdd996391a}</UniqueIdentifier>
    </Filter>
  </ItemGroup>
  <ItemGroup>
    <ClCompile Include="exprevaluator.cpp">
      <Filter>Source Files</Filter>
    </ClCompile>
    <ClCompile Include="..\0. utilities\src\calendar.cpp">
      <Filter>Source Files\0. utilities</Filter>
    </ClCompile>
    <ClCompile Include="..\0. utilities\src\constants.cpp">
      <Filter>Source Files\0. utilities</Filter>
    </ClCompile>
    <ClCompile Include="..\0. utilities\src\helper.cpp">
      <Filter>Source Files\0. utilities</Filter>
    </ClCompile>
    <ClCompile Include="..\0. utilities\src\julian_day.cpp">
      <Filter>Source Files\0. utilities</Filter>
    </ClCompile>
    <ClCompile Include="..\0. utilities\src\system.cpp">
      <Filter>Source Files\0. utilities</Filter>
    </ClCompile>
    <ClCompile Include="..\0. utilities\src\time_of_day.cpp">
      <Filter>Source Files\0. utilities</Filter>
    </ClCompile>
    <ClCompile Include="..\2. Tokenizer\src\tokenizer.cpp">
      <Filter>Source Files\2. Tokenizer</Filter>
    </ClCompile>
    <ClCompile Include="..\3. Parser\src\parser.cpp">
      <Filter>Source Files\3. Parser</Filter>
    </ClCompile>
    <ClCompile Include="..\4. RPNEvaluator\src\RPNEvaluator.cpp">
      <Filter>Source Files\4. RPNEvaluator</Filter>
    </ClCompile>
    <ClCompile Include="..\5. ExpressionEvaluator\src\expression_evaluator.cpp">
      <Filter>Source Files\5. ExpressionEvaluator</Filter>
    </ClCompile>
    <ClCompile Include="..\1. Token\src\function.cpp">
      <Filter>Source Files\1. Token\Operation</Filter>
    </ClCompile>
    <ClCompile Include="..\1. Token\src\operation.cpp">
      <Filter>Source Files\1. Token\Operation</Filter>
    </ClCompile>
    <ClCompile Include="..\1. Token\src\operator.cpp">
      <Filter>Source Files\1. Token\Operation</Filter>
    </ClCompile>
    <ClCompile Include="..\1. Token\src\pseudo_operation.cpp">
      <Filter>Source Files\1. Token\PseudoOperation</Filter>
    </ClCompile>
    <ClCompile Include="..\1. Token\src\boolean.cpp">
      <Filter>Source Files\1. Token\Operand</Filter>
    </ClCompile>
    <ClCompile Include="..\1. Token\src\gregorian.cpp">
      <Filter>Source Files\1. Token\Operand</Filter>
    </ClCompile>
    <ClCompile Include="..\1. Token\src\integer.cpp">
      <Filter>Source Files\1. Token\Operand</Filter>
    </ClCompile>
    <ClCompile Include="..\1. Token\src\operand.cpp">
      <Filter>Source Files\1. Token\Operand</Filter>
    </ClCompile>
    <ClCompile Include="..\1. Token\src\real.cpp">
      <Filter>Source Files\1. Token\Operand</Filter>
    </ClCompile>
    <ClCompile Include="..\1. Token\src\variable.cpp">
      <Filter>Source Files\1. Token\Operand</Filter>
    </ClCompile>
    <ClCompile Include="..\1. Token\src\token.cpp">
      <Filter>Source Files\1. Token</Filter>
    </ClCompile>
    <ClCompile Include="..\1. Token\src\ymd.cpp">
      <Filter>Source Files\1. Token\Operand</Filter>
    </ClCompile>
  </ItemGroup>
  <ItemGroup>
    <ClInclude Include="..\0. utilities\inc\calendar.hpp">
      <Filter>Header Files\0. utilities</Filter>
    </ClInclude>
    <ClInclude Include="..\0. utilities\inc\constants.hpp">
      <Filter>Header Files\0. utilities</Filter>
    </ClInclude>
    <ClInclude Include="..\0. utilities\inc\helper.hpp">
      <Filter>Header Files\0. utilities</Filter>
    </ClInclude>
    <ClInclude Include="..\0. utilities\inc\julian_day.hpp">
      <Filter>Header Files\0. utilities</Filter>
    </ClInclude>
    <ClInclude Include="..\0. utilities\inc\system.hpp">
      <Filter>Header Files\0. utilities</Filter>
    </ClInclude>
    <ClInclude Include="..\0. utilities\inc\time_of_day.hpp">
      <Filter>Header Files\0. utilities</Filter>
    </ClInclude>
    <ClInclude Include="..\0. utilities\utilities.hpp">
      <Filter>Header Files\0. utilities</Filter>
    </ClInclude>
    <ClInclude Include="..\1. Token\inc\token.hpp">
      <Filter>Header Files\1. Token</Filter>
    </ClInclude>
    <ClInclude Include="..\2. Tokenizer\inc\tokenizer.hpp">
      <Filter>Header Files\2. Tokenizer</Filter>
    </ClInclude>
    <ClInclude Include="..\3. Parser\inc\parser.hpp">
      <Filter>Header Files\3. Parser</Filter>
    </ClInclude>
    <ClInclude Include="..\4. RPNEvaluator\inc\RPNEvaluator.hpp">
      <Filter>Header Files\4. RPNEvaluator</Filter>
    </ClInclude>
    <ClInclude Include="..\5. ExpressionEvaluator\inc\expression_evaluator.hpp">
      <Filter>Header Files\5. ExpressionEvaluator</Filter>
    </ClInclude>
    <ClInclude Include="exprevaluator.hpp">
      <Filter>Header Files</Filter>
    </ClInclude>
    <ClInclude Include="..\1. Token\inc\operation.hpp">
      <Filter>Header Files\1. Token\Operation</Filter>
    </ClInclude>
    <ClInclude Include="..\1. Token\inc\operator.hpp">
      <Filter>Header Files\1. Token\Operation</Filter>
    </ClInclude>
    <ClInclude Include="..\1. Token\inc\function.hpp">
      <Filter>Header Files\1. Token\Operation</Filter>
    </ClInclude>
    <ClInclude Include="..\1. Token\inc\pseudo_operation.hpp">
      <Filter>Header Files\1. Token\PseudoOperation</Filter>
    </ClInclude>
    <ClInclude Include="..\1. Token\inc\real.hpp">
      <Filter>Header Files\1. Token\Operand</Filter>
    </ClInclude>
    <ClInclude Include="..\1. Token\inc\variable.hpp">
      <Filter>Header Files\1. Token\Operand</Filter>
    </ClInclude>
    <ClInclude Include="..\1. Token\inc\operand.hpp">
      <Filter>Header Files\1. Token\Operand</Filter>
    </ClInclude>
    <ClInclude Include="..\1. Token\inc\integer.hpp">
      <Filter>Header Files\1. Token\Operand</Filter>
    </ClInclude>
    <ClInclude Include="..\1. Token\inc\gregorian.hpp">
      <Filter>Header Files\1. Token\Operand</Filter>
    </ClInclude>
    <ClInclude Include="..\1. Token\inc\boolean.hpp">
      <Filter>Header Files\1. Token\Operand</Filter>
    </ClInclude>
    <ClInclude Include="resource.h">
      <Filter>Header Files</Filter>
    </ClInclude>
    <ClInclude Include="..\1. Token\inc\ymd.hpp">
      <Filter>Header Files\1. Token\Operand</Filter>
    </ClInclude>
  </ItemGroup>
  <ItemGroup>
    <ResourceCompile Include="exprevaluator.rc">
      <Filter>Resource Files</Filter>
    </ResourceCompile>
  </ItemGroup>
  <ItemGroup>
    <Image Include="..\resources\exprevaluator.ico">
      <Filter>Resource Files</Filter>
    </Image>
  </ItemGroup>
</Project>